<?xml version="1.0" encoding="utf-8"?>
<Project ToolsVersion="4.0" xmlns="http://schemas.microsoft.com/developer/msbuild/2003">
  <ItemGroup>
    <ClCompile Include="GarbageRemover.cpp">
      <Filter>Source Files</Filter>
    </ClCompile>
    <ClCompile Include="LFSV.cpp">
      <Filter>Source Files</Filter>
    </ClCompile>
    <ClCompile Include="MemoryBank.cpp">
      <Filter>Source Files</Filter>
    </ClCompile>
    <ClCompile Include="Quicksort.cpp">
      <Filter>Source Files</Filter>
    </ClCompile>
  </ItemGroup>
  <ItemGroup>
    <ClInclude Include="GarbageRemover.h">
      <Filter>Header Files</Filter>
    </ClInclude>
    <ClInclude Include="LFSV.h">
      <Filter>Header Files</Filter>
    </ClInclude>
    <ClInclude Include="MemoryBank.h">
      <Filter>Header Files</Filter>
    </ClInclude>
    <ClInclude Include="Quicksort.h">
      <Filter>Header Files</Filter>
    </ClInclude>
    <ClInclude Include="SortSmallArrays.h">
      <Filter>Header Files</Filter>
    </ClInclude>
  </ItemGroup>
  <ItemGroup>
    <Filter Include="Header Files">
      <UniqueIdentifier>{c4945593-4717-47d2-8ea5-0cc0d624a822}</UniqueIdentifier>
    </Filter>
    <Filter Include="Source Files">
      <UniqueIdentifier>{28cf7370-39c4-4dcc-afcb-8f673d657ec1}</UniqueIdentifier>
    </Filter>
  </ItemGroup>
</Project>